{
    "name": "dart-web-material",
    "version": "1.0.0",
    "lockfileVersion": 1,
    "requires": true,
    "dependencies": {
        "@material/animation": {
            "version": "8.0.0-canary.a78ceb112.0",
            "resolved": "https://registry.npmjs.org/@material/animation/-/animation-8.0.0-canary.a78ceb112.0.tgz",
            "integrity": "sha512-avnYo5iXt64I5nJfNbiYebtZ8sYcgxbje1JpU0mr58VpgDpSRbQCDoJi+/LPDQiNDr/lU3vUM9MEQaECY8KVzw==",
            "requires": {
                "tslib": "^1.9.3"
            }
        },
        "@material/base": {
            "version": "8.0.0-canary.a78ceb112.0",
            "resolved": "https://registry.npmjs.org/@material/base/-/base-8.0.0-canary.a78ceb112.0.tgz",
            "integrity": "sha512-gSCgOkjtyrpxGm8BC7mx0dM6yyWda/jSvBcCejlydHQ76fwJ/uV8snBvCdyqgW+E2fDt8Y2o5HyeJSFHAb9q/w==",
            "requires": {
                "tslib": "^1.9.3"
            }
        },
        "@material/dom": {
            "version": "8.0.0-canary.a78ceb112.0",
            "resolved": "https://registry.npmjs.org/@material/dom/-/dom-8.0.0-canary.a78ceb112.0.tgz",
            "integrity": "sha512-FmmLO+F/kyo/0rbkkp955JiN8ZCG9CI5g3VH4Ru02jtZdXnGSzo8Cdqjq2fzgP7MQ//eTTwMdeCZfp81UCwjQw==",
            "requires": {
                "@material/feature-targeting": "8.0.0-canary.a78ceb112.0",
                "tslib": "^1.9.3"
            }
        },
        "@material/elevation": {
            "version": "8.0.0-canary.a78ceb112.0",
            "resolved": "https://registry.npmjs.org/@material/elevation/-/elevation-8.0.0-canary.a78ceb112.0.tgz",
            "integrity": "sha512-eTBJ0NCDpfD9pc6AJjzkWGtXSHybKO9+RlxSyIGhax7xiMaIFlXqsk9SlLXwNlbwyU0EqIjPPJdKE9492EavDA==",
            "requires": {
                "@material/animation": "8.0.0-canary.a78ceb112.0",
                "@material/base": "8.0.0-canary.a78ceb112.0",
                "@material/feature-targeting": "8.0.0-canary.a78ceb112.0",
                "@material/theme": "8.0.0-canary.a78ceb112.0"
            }
        },
        "@material/feature-targeting": {
            "version": "8.0.0-canary.a78ceb112.0",
            "resolved": "https://registry.npmjs.org/@material/feature-targeting/-/feature-targeting-8.0.0-canary.a78ceb112.0.tgz",
            "integrity": "sha512-pYiHlUwKiAwBAULUDVxADD2eHb80cuzwQsQI9IpNr1mgdLcoKomWYxmHYzyD9AUIOlYsPrft+ozyC4gXt5kOtg=="
        },
        "@material/mwc-base": {
            "version": "0.17.2",
            "resolved": "https://registry.npmjs.org/@material/mwc-base/-/mwc-base-0.17.2.tgz",
            "integrity": "sha512-SJ4GLhikChTp7HwyAqccIk1usxwLporj5EWCNx+1h2ECWIY5BdIySFkmq9uqrVLEDTwW0wPB+0ZD+E3ScJdvZw==",
            "requires": {
                "@material/base": "=8.0.0-canary.a78ceb112.0",
                "@material/dom": "=8.0.0-canary.a78ceb112.0",
                "lit-element": "^2.3.0",
                "tslib": "^1.10.0"
            }
        },
        "@material/mwc-button": {
            "version": "0.17.2",
            "resolved": "https://registry.npmjs.org/@material/mwc-button/-/mwc-button-0.17.2.tgz",
            "integrity": "sha512-2fNVfF2tL1yywufCY4qLgqBR5lS2QFUIu9AqOmImN0MNmFk3jhXAiVSdWbuMKruiGI0HW4DAzM/w+uiAVu83KA==",
            "requires": {
                "@material/mwc-icon": "^0.17.2",
                "@material/mwc-ripple": "^0.17.2",
                "lit-element": "^2.3.0",
                "lit-html": "^1.1.2",
                "tslib": "^1.10.0"
            }
        },
        "@material/mwc-icon": {
            "version": "0.17.2",
            "resolved": "https://registry.npmjs.org/@material/mwc-icon/-/mwc-icon-0.17.2.tgz",
            "integrity": "sha512-9EpoLbn82RD5Wsxv0J7o1hTyn+WLfC1tdaTBvDmkRJZhfFheXYKUWNQXWrra0I/BpmojOGvijStOH0rga513WA==",
            "requires": {
                "lit-element": "^2.3.0",
                "tslib": "^1.10.0"
            }
        },
        "@material/mwc-icon-button": {
            "version": "0.17.2",
            "resolved": "https://registry.npmjs.org/@material/mwc-icon-button/-/mwc-icon-button-0.17.2.tgz",
            "integrity": "sha512-kA0RaOmE35yaTCMlqZT7m6A/lJfcsgBKnutAQlhzHlwANTDbWApVi9CjvvN4568EXlBfvfCEL7oUdMDy219K0Q==",
            "requires": {
                "@material/mwc-ripple": "^0.17.2",
                "lit-element": "^2.3.0",
                "tslib": "^1.10.0"
            }
        },
        "@material/mwc-ripple": {
            "version": "0.17.2",
            "resolved": "https://registry.npmjs.org/@material/mwc-ripple/-/mwc-ripple-0.17.2.tgz",
            "integrity": "sha512-rdx/mR9vxPS6ZnM7oWP4E5FGRQ3pgo7n/hGUPcGMxFfXaxaHs1evoIQscp9a6HcXVrLPXemKD6msObwMDKetQA==",
            "requires": {
                "@material/dom": "=8.0.0-canary.a78ceb112.0",
                "@material/mwc-base": "^0.17.2",
                "@material/ripple": "=8.0.0-canary.a78ceb112.0",
                "lit-element": "^2.3.0",
                "lit-html": "^1.1.2",
                "tslib": "^1.10.0"
            }
        },
        "@material/mwc-top-app-bar": {
            "version": "0.17.2",
            "resolved": "https://registry.npmjs.org/@material/mwc-top-app-bar/-/mwc-top-app-bar-0.17.2.tgz",
            "integrity": "sha512-J8Jw9Kvb0XXM48qCCSRnlLW2ImJTk+pqV+3+gj6rOXtDqH62PBWy+mQWvjRSf34dlsRwUOuOOuNGWYJo2Ci33g==",
            "requires": {
                "@material/mwc-base": "^0.17.2",
                "@material/top-app-bar": "=8.0.0-canary.a78ceb112.0",
                "lit-element": "^2.3.0",
                "lit-html": "^1.1.2",
                "tslib": "^1.10.0"
            }
        },
        "@material/mwc-top-app-bar-fixed": {
            "version": "0.17.2",
            "resolved": "https://registry.npmjs.org/@material/mwc-top-app-bar-fixed/-/mwc-top-app-bar-fixed-0.17.2.tgz",
            "integrity": "sha512-ZHzimd7Y/QE0CYRHqiprRIca1T5TsiqKeviWFUX4q+lMC/9eNvQEowwSK3y2HnFA9f7tLqW6GqzQPxS/HlZevA==",
            "requires": {
                "@material/mwc-top-app-bar": "^0.17.2",
                "@material/top-app-bar": "=8.0.0-canary.a78ceb112.0",
                "lit-element": "^2.3.0",
                "tslib": "^1.10.0"
            }
        },
        "@material/ripple": {
            "version": "8.0.0-canary.a78ceb112.0",
            "resolved": "https://registry.npmjs.org/@material/ripple/-/ripple-8.0.0-canary.a78ceb112.0.tgz",
            "integrity": "sha512-0vftc/VRNBGNkVeaumc+ztN6cPUDUXL0+X1HQSuNGn4tS0slqQH6yi9+juZhteOGY9Ca+1D3agsB7H9eNzdM8Q==",
            "requires": {
                "@material/animation": "8.0.0-canary.a78ceb112.0",
                "@material/base": "8.0.0-canary.a78ceb112.0",
                "@material/dom": "8.0.0-canary.a78ceb112.0",
                "@material/feature-targeting": "8.0.0-canary.a78ceb112.0",
                "@material/theme": "8.0.0-canary.a78ceb112.0",
                "tslib": "^1.9.3"
            }
        },
        "@material/rtl": {
            "version": "8.0.0-canary.a78ceb112.0",
            "resolved": "https://registry.npmjs.org/@material/rtl/-/rtl-8.0.0-canary.a78ceb112.0.tgz",
            "integrity": "sha512-+R/yFoO1Olt9hY0nvWRbTIQ7/PG9r7iv35J2Ld3Gx6CNZM2utql16bOG+5Ec81C6gBdvlgBcrCdQ8NdgYiablA==",
            "requires": {
                "@material/theme": "8.0.0-canary.a78ceb112.0"
            }
        },
        "@material/shape": {
            "version": "8.0.0-canary.a78ceb112.0",
            "resolved": "https://registry.npmjs.org/@material/shape/-/shape-8.0.0-canary.a78ceb112.0.tgz",
            "integrity": "sha512-82fYRqdoBoFyS9+zuqqd9YJrsw8XykLA2xEf/ybtRGifwbLlk8ACrGN9dEwX6ixl7gt+JsXKBR9piF4XvxVjaw==",
            "requires": {
                "@material/feature-targeting": "8.0.0-canary.a78ceb112.0",
                "@material/rtl": "8.0.0-canary.a78ceb112.0",
                "@material/theme": "8.0.0-canary.a78ceb112.0"
            }
        },
        "@material/theme": {
            "version": "8.0.0-canary.a78ceb112.0",
            "resolved": "https://registry.npmjs.org/@material/theme/-/theme-8.0.0-canary.a78ceb112.0.tgz",
            "integrity": "sha512-/hBvqcXYDuCG0nWEJ8uYsM/XxrCE4EHcel7N6WYwZDRHlPfKQis3qPEJCJicdHckVFdOUvGr9KO2h5BWUNA90Q==",
            "requires": {
                "@material/feature-targeting": "8.0.0-canary.a78ceb112.0"
            }
        },
        "@material/top-app-bar": {
            "version": "8.0.0-canary.a78ceb112.0",
            "resolved": "https://registry.npmjs.org/@material/top-app-bar/-/top-app-bar-8.0.0-canary.a78ceb112.0.tgz",
            "integrity": "sha512-27bm0xPxepKSVh04FK7m0zUSP9FveIXv/qa2vJI3XTZWkFiNPrF+MGwkMPo83Z5TMqMFDRhDcjzSJlo9H4IrOg==",
            "requires": {
                "@material/animation": "8.0.0-canary.a78ceb112.0",
                "@material/base": "8.0.0-canary.a78ceb112.0",
                "@material/elevation": "8.0.0-canary.a78ceb112.0",
                "@material/ripple": "8.0.0-canary.a78ceb112.0",
                "@material/rtl": "8.0.0-canary.a78ceb112.0",
                "@material/shape": "8.0.0-canary.a78ceb112.0",
                "@material/theme": "8.0.0-canary.a78ceb112.0",
                "@material/typography": "8.0.0-canary.a78ceb112.0",
                "tslib": "^1.9.3"
            }
        },
        "@material/typography": {
            "version": "8.0.0-canary.a78ceb112.0",
            "resolved": "https://registry.npmjs.org/@material/typography/-/typography-8.0.0-canary.a78ceb112.0.tgz",
            "integrity": "sha512-8OaNJzeVeYAxwWUjHR1QSxc6n68gL+xBQ2MYncStyyoHnaAL184OCGbPob2+11wuAmkE3XRnl7WdmVt2TtPu4Q==",
            "requires": {
                "@material/feature-targeting": "8.0.0-canary.a78ceb112.0",
                "@material/theme": "8.0.0-canary.a78ceb112.0"
            }
        },
        "@rollup/plugin-node-resolve": {
            "version": "8.1.0",
            "resolved": "https://registry.npmjs.org/@rollup/plugin-node-resolve/-/plugin-node-resolve-8.1.0.tgz",
            "integrity": "sha512-ovq7ZM3JJYUUmEjjO+H8tnUdmQmdQudJB7xruX8LFZ1W2q8jXdPUS6SsIYip8ByOApu4RR7729Am9WhCeCMiHA==",
            "dev": true,
            "requires": {
                "@rollup/pluginutils": "^3.0.8",
                "@types/resolve": "0.0.8",
                "builtin-modules": "^3.1.0",
                "deep-freeze": "^0.0.1",
                "deepmerge": "^4.2.2",
                "is-module": "^1.0.0",
                "resolve": "^1.14.2"
            }
        },
        "@rollup/pluginutils": {
            "version": "3.1.0",
            "resolved": "https://registry.npmjs.org/@rollup/pluginutils/-/pluginutils-3.1.0.tgz",
            "integrity": "sha512-GksZ6pr6TpIjHm8h9lSQ8pi8BE9VeubNT0OMJ3B5uZJ8pz73NPiqOtCog/x2/QzM1ENChPKxMDhiQuRHsqc+lg==",
            "dev": true,
            "requires": {
                "@types/estree": "0.0.39",
                "estree-walker": "^1.0.1",
                "picomatch": "^2.2.2"
            }
        },
        "@types/estree": {
            "version": "0.0.39",
            "resolved": "https://registry.npmjs.org/@types/estree/-/estree-0.0.39.tgz",
            "integrity": "sha512-EYNwp3bU+98cpU4lAWYYL7Zz+2gryWH1qbdDTidVd6hkiR6weksdbMadyXKXNPEkQFhXM+hVO9ZygomHXp+AIw==",
            "dev": true
        },
        "@types/node": {
            "version": "14.0.20",
            "resolved": "https://registry.npmjs.org/@types/node/-/node-14.0.20.tgz",
            "integrity": "sha512-MRn/NP3dee8yL5QhbSA6riuwkS+UOcsPUMOIOG3KMUQpuor/2TopdRBu8QaaB4fGU+gz/bzyDWt0FtUbeJ8H1A==",
            "dev": true
        },
        "@types/resolve": {
            "version": "0.0.8",
            "resolved": "https://registry.npmjs.org/@types/resolve/-/resolve-0.0.8.tgz",
            "integrity": "sha512-auApPaJf3NPfe18hSoJkp8EbZzer2ISk7o8mCC3M9he/a04+gbMF97NkpD2S8riMGvm4BMRI59/SZQSaLTKpsQ==",
            "dev": true,
            "requires": {
                "@types/node": "*"
            }
        },
        "@webcomponents/webcomponentsjs": {
            "version": "2.4.3",
            "resolved": "https://registry.npmjs.org/@webcomponents/webcomponentsjs/-/webcomponentsjs-2.4.3.tgz",
            "integrity": "sha512-cV4+sAmshf8ysU2USutrSRYQkJzEYKHsRCGa0CkMElGpG5747VHtkfsW3NdVIBV/m2MDKXTDydT4lkrysH7IFA=="
        },
        "builtin-modules": {
            "version": "3.1.0",
            "resolved": "https://registry.npmjs.org/builtin-modules/-/builtin-modules-3.1.0.tgz",
            "integrity": "sha512-k0KL0aWZuBt2lrxrcASWDfwOLMnodeQjodT/1SxEQAXsHANgo6ZC/VEaSEHCXt7aSTZ4/4H5LKa+tBXmW7Vtvw==",
            "dev": true
        },
        "deep-freeze": {
            "version": "0.0.1",
            "resolved": "https://registry.npmjs.org/deep-freeze/-/deep-freeze-0.0.1.tgz",
            "integrity": "sha1-OgsABd4YZygZ39OM0x+RF5yJPoQ=",
            "dev": true
        },
        "deepmerge": {
            "version": "4.2.2",
            "resolved": "https://registry.npmjs.org/deepmerge/-/deepmerge-4.2.2.tgz",
            "integrity": "sha512-FJ3UgI4gIl+PHZm53knsuSFpE+nESMr7M4v9QcgB7S63Kj/6WqMiFQJpBBYz1Pt+66bZpP3Q7Lye0Oo9MPKEdg==",
            "dev": true
        },
        "estree-walker": {
            "version": "1.0.1",
            "resolved": "https://registry.npmjs.org/estree-walker/-/estree-walker-1.0.1.tgz",
            "integrity": "sha512-1fMXF3YP4pZZVozF8j/ZLfvnR8NSIljt56UhbZ5PeeDmmGHpgpdwQt7ITlGvYaQukCvuBRMLEiKiYC+oeIg4cg==",
            "dev": true
        },
        "fsevents": {
            "version": "2.1.3",
            "resolved": "https://registry.npmjs.org/fsevents/-/fsevents-2.1.3.tgz",
            "integrity": "sha512-Auw9a4AxqWpa9GUfj370BMPzzyncfBABW8Mab7BGWBYDj4Isgq+cDKtx0i6u9jcX9pQDnswsaaOTgTmA5pEjuQ==",
            "dev": true,
            "optional": true
        },
        "is-module": {
            "version": "1.0.0",
            "resolved": "https://registry.npmjs.org/is-module/-/is-module-1.0.0.tgz",
            "integrity": "sha1-Mlj7afeMFNW4FdZkM2tM/7ZEFZE=",
            "dev": true
        },
        "lit-element": {
            "version": "2.3.1",
            "resolved": "https://registry.npmjs.org/lit-element/-/lit-element-2.3.1.tgz",
            "integrity": "sha512-tOcUAmeO3BzwiQ7FGWdsshNvC0HVHcTFYw/TLIImmKwXYoV0E7zCBASa8IJ7DiP4cen/Yoj454gS0qqTnIGsFA==",
            "requires": {
                "lit-html": "^1.1.1"
            }
        },
        "lit-html": {
            "version": "1.2.1",
            "resolved": "https://registry.npmjs.org/lit-html/-/lit-html-1.2.1.tgz",
            "integrity": "sha512-GSJHHXMGLZDzTRq59IUfL9FCdAlGfqNp/dEa7k7aBaaWD+JKaCjsAk9KYm2V12ItonVaYx2dprN66Zdm1AuBTQ=="
        },
        "path-parse": {
            "version": "1.0.6",
            "resolved": "https://registry.npmjs.org/path-parse/-/path-parse-1.0.6.tgz",
            "integrity": "sha512-GSmOT2EbHrINBf9SR7CDELwlJ8AENk3Qn7OikK4nFYAu3Ote2+JYNVvkpAEQm3/TLNEJFD/xZJjzyxg3KBWOzw==",
            "dev": true
        },
        "picomatch": {
            "version": "2.2.2",
            "resolved": "https://registry.npmjs.org/picomatch/-/picomatch-2.2.2.tgz",
            "integrity": "sha512-q0M/9eZHzmr0AulXyPwNfZjtwZ/RBZlbN3K3CErVrk50T2ASYI7Bye0EvekFY3IP1Nt2DHu0re+V2ZHIpMkuWg==",
            "dev": true
        },
        "resolve": {
            "version": "1.17.0",
            "resolved": "https://registry.npmjs.org/resolve/-/resolve-1.17.0.tgz",
            "integrity": "sha512-ic+7JYiV8Vi2yzQGFWOkiZD5Z9z7O2Zhm9XMaTxdJExKasieFCr+yXZ/WmXsckHiKl12ar0y6XiXDx3m4RHn1w==",
            "dev": true,
            "requires": {
                "path-parse": "^1.0.6"
            }
        },
        "rollup": {
            "version": "2.21.0",
            "resolved": "https://registry.npmjs.org/rollup/-/rollup-2.21.0.tgz",
            "integrity": "sha512-BEGgy+wSzux7Ycq58pRiWEOBZaXRXTuvzl1gsm7gqmsAHxkWf9nyA5V2LN9fGSHhhDQd0/C13iRzSh4bbIpWZQ==",
            "dev": true,
            "requires": {
                "fsevents": "~2.1.2"
            }
        },
        "tslib": {
            "version": "1.13.0",
            "resolved": "https://registry.npmjs.org/tslib/-/tslib-1.13.0.tgz",
            "integrity": "sha512-i/6DQjL8Xf3be4K/E6Wgpekn5Qasl1usyw++dAA35Ue5orEn65VIxOA+YvNNl9HV3qv70T7CNwjODHZrLwvd1Q=="
        }
    }
}
